
Microsoft Visual Studio Solution File, Format Version 12.00
# Visual Studio Version 17
VisualStudioVersion = 17.11.35431.28
MinimumVisualStudioVersion = 10.0.40219.1
Project("{9A19103F-16F7-4668-BE54-9A1E7A4F7556}") = "GF.Fussion.Web", "GF.Fussion.Web\GF.Fussion.Web.csproj", "{558569EF-6CE2-4B14-A528-568E850EBA75}"
EndProject
Project("{9A19103F-16F7-4668-BE54-9A1E7A4F7556}") = "GF.Fussion.Data", "GF.Fussion.Data\GF.Fussion.Data.csproj", "{715BB8DE-166E-4E60-AD93-FAA6D48194B1}"
EndProject
Global
	GlobalSection(SolutionConfigurationPlatforms) = preSolution
		Debug|Any CPU = Debug|Any CPU
		Release|Any CPU = Release|Any CPU
	EndGlobalSection
	GlobalSection(ProjectConfigurationPlatforms) = postSolution
		{558569EF-6CE2-4B14-A528-568E850EBA75}.Debug|Any CPU.ActiveCfg = Debug|Any CPU
		{558569EF-6CE2-4B14-A528-568E850EBA75}.Debug|Any CPU.Build.0 = Debug|Any CPU
		{558569EF-6CE2-4B14-A528-568E850EBA75}.Release|Any CPU.ActiveCfg = Release|Any CPU
		{558569EF-6CE2-4B14-A528-568E850EBA75}.Release|Any CPU.Build.0 = Release|Any CPU
		{715BB8DE-166E-4E60-AD93-FAA6D48194B1}.Debug|Any CPU.ActiveCfg = Debug|Any CPU
		{715BB8DE-166E-4E60-AD93-FAA6D48194B1}.Debug|Any CPU.Build.0 = Debug|Any CPU
		{715BB8DE-166E-4E60-AD93-FAA6D48194B1}.Release|Any CPU.ActiveCfg = Release|Any CPU
		{715BB8DE-166E-4E60-AD93-FAA6D48194B1}.Release|Any CPU.Build.0 = Release|Any CPU
	EndGlobalSection
	GlobalSection(SolutionProperties) = preSolution
		HideSolutionNode = FALSE
	EndGlobalSection
	GlobalSection(ExtensibilityGlobals) = postSolution
		SolutionGuid = {891EDC78-FE1A-43DA-907E-24A2181D2383}
	EndGlobalSection
EndGlobal
